
Microsoft Visual Studio Solution File, Format Version 12.00
# Visual Studio 15
VisualStudioVersion = 15.0.28307.489
MinimumVisualStudioVersion = 10.0.40219.1
Project("{9A19103F-16F7-4668-BE54-9A1E7A4F7556}") = "UserService", "UserService\UserService.csproj", "{8C1C3A26-5386-48C4-B98B-F236901B1F9B}"
EndProject
Project("{FAE04EC0-301F-11D3-BF4B-00C04F79EFBC}") = "BookService", "BookService\BookService.csproj", "{F0642BCB-A33B-4B5A-A1B2-5B7B1BDA8B79}"
EndProject
Project("{FAE04EC0-301F-11D3-BF4B-00C04F79EFBC}") = "MusicService", "MusicService\MusicService.csproj", "{DF8A9658-AAE3-45C4-AA91-8C248AF7D0E2}"
EndProject
Global
	GlobalSection(SolutionConfigurationPlatforms) = preSolution
		Debug|Any CPU = Debug|Any CPU
		Release|Any CPU = Release|Any CPU
	EndGlobalSection
	GlobalSection(ProjectConfigurationPlatforms) = postSolution
		{8C1C3A26-5386-48C4-B98B-F236901B1F9B}.Debug|Any CPU.ActiveCfg = Debug|Any CPU
		{8C1C3A26-5386-48C4-B98B-F236901B1F9B}.Debug|Any CPU.Build.0 = Debug|Any CPU
		{8C1C3A26-5386-48C4-B98B-F236901B1F9B}.Release|Any CPU.ActiveCfg = Release|Any CPU
		{8C1C3A26-5386-48C4-B98B-F236901B1F9B}.Release|Any CPU.Build.0 = Release|Any CPU
		{F0642BCB-A33B-4B5A-A1B2-5B7B1BDA8B79}.Debug|Any CPU.ActiveCfg = Debug|Any CPU
		{F0642BCB-A33B-4B5A-A1B2-5B7B1BDA8B79}.Debug|Any CPU.Build.0 = Debug|Any CPU
		{F0642BCB-A33B-4B5A-A1B2-5B7B1BDA8B79}.Release|Any CPU.ActiveCfg = Release|Any CPU
		{F0642BCB-A33B-4B5A-A1B2-5B7B1BDA8B79}.Release|Any CPU.Build.0 = Release|Any CPU
		{DF8A9658-AAE3-45C4-AA91-8C248AF7D0E2}.Debug|Any CPU.ActiveCfg = Debug|Any CPU
		{DF8A9658-AAE3-45C4-AA91-8C248AF7D0E2}.Debug|Any CPU.Build.0 = Debug|Any CPU
		{DF8A9658-AAE3-45C4-AA91-8C248AF7D0E2}.Release|Any CPU.ActiveCfg = Release|Any CPU
		{DF8A9658-AAE3-45C4-AA91-8C248AF7D0E2}.Release|Any CPU.Build.0 = Release|Any CPU
	EndGlobalSection
	GlobalSection(SolutionProperties) = preSolution
		HideSolutionNode = FALSE
	EndGlobalSection
	GlobalSection(ExtensibilityGlobals) = postSolution
		SolutionGuid = {895902D3-737A-435E-BC9A-AE2B6356AC1D}
	EndGlobalSection
EndGlobal
